{
  "name": "finished_capstone_g9",
  "lockfileVersion": 3,
  "requires": true,
  "packages": {
    "": {
      "dependencies": {
        "sweetalert2": "^11.17.1"
      }
    },
    "node_modules/sweetalert2": {
      "version": "11.17.1",
      "resolved": "https://registry.npmjs.org/sweetalert2/-/sweetalert2-11.17.1.tgz",
      "integrity": "sha512-I+Fv0A0eZwVmw11TbT1hhMvxZPUi1+2Yn3+xlYCr136h7VniJywCHjZo3COAhcBi4VuvcWxW4n7uNWwMnCvPRg==",
      "license": "MIT",
      "funding": {
        "type": "individual",
        "url": "https://github.com/sponsors/limonte"
      }
    }
  }
}
